
Microsoft Visual Studio Solution File, Format Version 12.00
# Visual Studio Version 17
VisualStudioVersion = 17.14.36221.1 d17.14
MinimumVisualStudioVersion = 10.0.40219.1
Project("{FAE04EC0-301F-11D3-BF4B-00C04F79EFBC}") = "TestConnectSupabase", "TestConnectSupabase\TestConnectSupabase.csproj", "{192C4930-C848-45EA-B820-A950DD33949F}"
EndProject
Global
	GlobalSection(SolutionConfigurationPlatforms) = preSolution
		Debug|Any CPU = Debug|Any CPU
		Release|Any CPU = Release|Any CPU
	EndGlobalSection
	GlobalSection(ProjectConfigurationPlatforms) = postSolution
		{192C4930-C848-45EA-B820-A950DD33949F}.Debug|Any CPU.ActiveCfg = Debug|Any CPU
		{192C4930-C848-45EA-B820-A950DD33949F}.Debug|Any CPU.Build.0 = Debug|Any CPU
		{192C4930-C848-45EA-B820-A950DD33949F}.Release|Any CPU.ActiveCfg = Release|Any CPU
		{192C4930-C848-45EA-B820-A950DD33949F}.Release|Any CPU.Build.0 = Release|Any CPU
	EndGlobalSection
	GlobalSection(SolutionProperties) = preSolution
		HideSolutionNode = FALSE
	EndGlobalSection
	GlobalSection(ExtensibilityGlobals) = postSolution
		SolutionGuid = {1F43A36E-70BC-4C0C-AB27-5D77F495A444}
	EndGlobalSection
EndGlobal
